# This file is automatically @generated by Cargo.
# It is not intended for manual editing.
version = 4

[[package]]
name = "aho-corasick"
version = "1.1.4"
source = "registry+https://github.com/rust-lang/crates.io-index"
checksum = "ddd31a130427c27518df266943a5308ed92d4b226cc639f5a8f1002816174301"
dependencies = [
 "memchr",
]

[[package]]
name = "cc"
version = "1.2.59"
source = "registry+https://github.com/rust-lang/crates.io-index"
checksum = "b7a4d3ec6524d28a329fc53654bbadc9bdd7b0431f5d65f1a56ffb28a1ee5283"
dependencies = [
 "find-msvc-tools",
 "shlex",
]

[[package]]
name = "equivalent"
version = "1.0.2"
source = "registry+https://github.com/rust-lang/crates.io-index"
checksum = "877a4ace8713b0bcf2a4e7eec82529c029f1d0619886d18145fea96c3ffe5c0f"

[[package]]
name = "find-msvc-tools"
version = "0.1.9"
source = "registry+https://github.com/rust-lang/crates.io-index"
checksum = "5baebc0774151f905a1a2cc41989300b1e6fbb29aff0ceffa1064fdd3088d582"

[[package]]
name = "hashbrown"
version = "0.16.1"
source = "registry+https://github.com/rust-lang/crates.io-index"
checksum = "841d1cc9bed7f9236f321df977030373f4a4163ae1a7dbfe1a51a2c1a51d9100"

[[package]]
name = "indexmap"
version = "2.13.1"
source = "registry+https://github.com/rust-lang/crates.io-index"
checksum = "45a8a2b9cb3e0b0c1803dbb0758ffac5de2f425b23c28f518faabd9d805342ff"
dependencies = [
 "equivalent",
 "hashbrown",
]

[[package]]
name = "itoa"
version = "1.0.18"
source = "registry+https://github.com/rust-lang/crates.io-index"
checksum = "8f42a60cbdf9a97f5d2305f08a87dc4e09308d1276d28c869c684d7777685682"

[[package]]
name = "memchr"
version = "2.8.0"
source = "registry+https://github.com/rust-lang/crates.io-index"
checksum = "f8ca58f447f06ed17d5fc4043ce1b10dd205e060fb3ce5b979b8ed8e59ff3f79"

[[package]]
name = "proc-macro2"
version = "1.0.106"
source = "registry+https://github.com/rust-lang/crates.io-index"
checksum = "8fd00f0bb2e90d81d1044c2b32617f68fcb9fa3bb7640c23e9c748e53fb30934"
dependencies = [
 "unicode-ident",
]

[[package]]
name = "quote"
version = "1.0.45"
source = "registry+https://github.com/rust-lang/crates.io-index"
checksum = "41f2619966050689382d2b44f664f4bc593e129785a36d6ee376ddf37259b924"
dependencies = [
 "proc-macro2",
]

[[package]]
name = "regex"
version = "1.12.3"
source = "registry+https://github.com/rust-lang/crates.io-index"
checksum = "e10754a14b9137dd7b1e3e5b0493cc9171fdd105e0ab477f51b72e7f3ac0e276"
dependencies = [
 "aho-corasick",
 "memchr",
 "regex-automata",
 "regex-syntax",
]

[[package]]
name = "regex-automata"
version = "0.4.14"
source = "registry+https://github.com/rust-lang/crates.io-index"
checksum = "6e1dd4122fc1595e8162618945476892eefca7b88c52820e74af6262213cae8f"
dependencies = [
 "aho-corasick",
 "memchr",
 "regex-syntax",
]

[[package]]
name = "regex-syntax"
version = "0.8.10"
source = "registry+https://github.com/rust-lang/crates.io-index"
checksum = "dc897dd8d9e8bd1ed8cdad82b5966c3e0ecae09fb1907d58efaa013543185d0a"

[[package]]
name = "serde"
version = "1.0.228"
source = "registry+https://github.com/rust-lang/crates.io-index"
checksum = "9a8e94ea7f378bd32cbbd37198a4a91436180c5bb472411e48b5ec2e2124ae9e"
dependencies = [
 "serde_core",
]

[[package]]
name = "serde_core"
version = "1.0.228"
source = "registry+https://github.com/rust-lang/crates.io-index"
checksum = "41d385c7d4ca58e59fc732af25c3983b67ac852c1a25000afe1175de458b67ad"
dependencies = [
 "serde_derive",
]

[[package]]
name = "serde_derive"
version = "1.0.228"
source = "registry+https://github.com/rust-lang/crates.io-index"
checksum = "d540f220d3187173da220f885ab66608367b6574e925011a9353e4badda91d79"
dependencies = [
 "proc-macro2",
 "quote",
 "syn",
]

[[package]]
name = "serde_json"
version = "1.0.149"
source = "registry+https://github.com/rust-lang/crates.io-index"
checksum = "83fc039473c5595ace860d8c4fafa220ff474b3fc6bfdb4293327f1a37e94d86"
dependencies = [
 "indexmap",
 "itoa",
 "memchr",
 "serde",
 "serde_core",
 "zmij",
]

[[package]]
name = "shlex"
version = "1.3.0"
source = "registry+https://github.com/rust-lang/crates.io-index"
checksum = "0fda2ff0d084019ba4d7c6f371c95d8fd75ce3524c3cb8fb653a3023f6323e64"

[[package]]
name = "streaming-iterator"
version = "0.1.9"
source = "registry+https://github.com/rust-lang/crates.io-index"
checksum = "2b2231b7c3057d5e4ad0156fb3dc807d900806020c5ffa3ee6ff2c8c76fb8520"

[[package]]
name = "syn"
version = "2.0.117"
source = "registry+https://github.com/rust-lang/crates.io-index"
checksum = "e665b8803e7b1d2a727f4023456bbbbe74da67099c585258af0ad9c5013b9b99"
dependencies = [
 "proc-macro2",
 "quote",
 "unicode-ident",
]

[[package]]
name = "tree-sitter"
version = "0.19.5"
source = "registry+https://github.com/rust-lang/crates.io-index"
checksum = "ad726ec26496bf4c083fff0f43d4eb3a2ad1bba305323af5ff91383c0b6ecac0"
dependencies = [
 "cc",
 "regex",
]

[[package]]
name = "tree-sitter"
version = "0.20.10"
source = "registry+https://github.com/rust-lang/crates.io-index"
checksum = "e747b1f9b7b931ed39a548c1fae149101497de3c1fc8d9e18c62c1a66c683d3d"
dependencies = [
 "cc",
 "regex",
]

[[package]]
name = "tree-sitter"
version = "0.26.8"
source = "registry+https://github.com/rust-lang/crates.io-index"
checksum = "887bd495d0582c5e3e0d8ece2233666169fa56a9644d172fc22ad179ab2d0538"
dependencies = [
 "cc",
 "regex",
 "regex-syntax",
 "serde_json",
 "streaming-iterator",
 "tree-sitter-language",
]

[[package]]
name = "tree-sitter-agda"
version = "1.3.3"
source = "registry+https://github.com/rust-lang/crates.io-index"
checksum = "79170741bc75a42d93a69f7e2d39bece006bea602af30650f7f323645094d693"
dependencies = [
 "cc",
 "tree-sitter-language",
]

[[package]]
name = "tree-sitter-all"
version = "0.1.0"
dependencies = [
 "tree-sitter 0.26.8",
 "tree-sitter-agda",
 "tree-sitter-arduino",
 "tree-sitter-bash",
 "tree-sitter-bicep",
 "tree-sitter-c",
 "tree-sitter-c-sharp",
 "tree-sitter-cairo",
 "tree-sitter-cmake",
 "tree-sitter-commonlisp",
 "tree-sitter-cpon",
 "tree-sitter-cpp",
 "tree-sitter-css",
 "tree-sitter-cuda",
 "tree-sitter-diff",
 "tree-sitter-dockerfile",
 "tree-sitter-elixir",
 "tree-sitter-embedded-template",
 "tree-sitter-erlang",
 "tree-sitter-func",
 "tree-sitter-gitattributes",
 "tree-sitter-glsl",
 "tree-sitter-go",
 "tree-sitter-go-sum",
 "tree-sitter-hare",
 "tree-sitter-haskell",
 "tree-sitter-hcl",
 "tree-sitter-hlsl",
 "tree-sitter-html",
 "tree-sitter-java",
 "tree-sitter-javascript",
 "tree-sitter-jsdoc",
 "tree-sitter-json",
 "tree-sitter-julia",
 "tree-sitter-kconfig",
 "tree-sitter-kdl",
 "tree-sitter-kotlin",
 "tree-sitter-language",
 "tree-sitter-lua",
 "tree-sitter-luadoc",
 "tree-sitter-luap",
 "tree-sitter-luau",
 "tree-sitter-make",
 "tree-sitter-markdown",
 "tree-sitter-objc",
 "tree-sitter-ocaml",
 "tree-sitter-odin",
 "tree-sitter-php",
 "tree-sitter-po",
 "tree-sitter-pony",
 "tree-sitter-printf",
 "tree-sitter-properties",
 "tree-sitter-puppet",
 "tree-sitter-python",
 "tree-sitter-ql",
 "tree-sitter-qmldir",
 "tree-sitter-query",
 "tree-sitter-r",
 "tree-sitter-regex",
 "tree-sitter-requirements",
 "tree-sitter-ron",
 "tree-sitter-ruby",
 "tree-sitter-rust",
 "tree-sitter-scala",
 "tree-sitter-scss",
 "tree-sitter-sql",
 "tree-sitter-squirrel",
 "tree-sitter-starlark",
 "tree-sitter-svelte",
 "tree-sitter-swift",
 "tree-sitter-test",
 "tree-sitter-toml",
 "tree-sitter-typescript",
 "tree-sitter-ungrammar",
 "tree-sitter-verilog",
 "tree-sitter-vim",
 "tree-sitter-vue",
 "tree-sitter-wgsl-bevy",
 "tree-sitter-xml",
 "tree-sitter-yaml",
 "tree-sitter-yuck",
 "tree-sitter-zig",
]

[[package]]
name = "tree-sitter-arduino"
version = "0.24.0"
source = "registry+https://github.com/rust-lang/crates.io-index"
checksum = "8a26fe49dcba4e91b7caca0fcfacff90d54029de5dde266af9818af7aab1c4e4"
dependencies = [
 "cc",
 "tree-sitter-language",
]

[[package]]
name = "tree-sitter-bash"
version = "0.23.3"
source = "registry+https://github.com/rust-lang/crates.io-index"
checksum = "329a4d48623ac337d42b1df84e81a1c9dbb2946907c102ca72db158c1964a52e"
dependencies = [
 "cc",
 "tree-sitter-language",
]

[[package]]
name = "tree-sitter-bicep"
version = "1.1.0"
source = "registry+https://github.com/rust-lang/crates.io-index"
checksum = "c02553520c500f552f1dee90d02a29717c82d5b395204b3995d356c6d15931f9"
dependencies = [
 "cc",
 "tree-sitter-language",
]

[[package]]
name = "tree-sitter-c"
version = "0.23.4"
source = "registry+https://github.com/rust-lang/crates.io-index"
checksum = "afd2b1bf1585dc2ef6d69e87d01db8adb059006649dd5f96f31aa789ee6e9c71"
dependencies = [
 "cc",
 "tree-sitter-language",
]

[[package]]
name = "tree-sitter-c-sharp"
version = "0.23.1"
source = "registry+https://github.com/rust-lang/crates.io-index"
checksum = "67f06accca7b45351758663b8215089e643d53bd9a660ce0349314263737fcb0"
dependencies = [
 "cc",
 "tree-sitter-language",
]

[[package]]
name = "tree-sitter-cairo"
version = "0.0.1"
source = "registry+https://github.com/rust-lang/crates.io-index"
checksum = "037a976972f49ef190929bf318330eb5eb92277522e045d3293845203eb646f1"
dependencies = [
 "cc",
 "tree-sitter 0.20.10",
]

[[package]]
name = "tree-sitter-cmake"
version = "0.7.1"
source = "registry+https://github.com/rust-lang/crates.io-index"
checksum = "7c1b35d1dd7396d24b3e826bb0f975b915ec7e9125b989d5e9d24ebb6a08509a"
dependencies = [
 "cc",
 "tree-sitter-language",
]

[[package]]
name = "tree-sitter-commonlisp"
version = "0.4.1"
source = "registry+https://github.com/rust-lang/crates.io-index"
checksum = "36c662ae95eee8c5ada519d4fe87261c5fbcc3ffaac4b10c03d460154cd6a9b2"
dependencies = [
 "cc",
 "tree-sitter-language",
]

[[package]]
name = "tree-sitter-cpon"
version = "1.0.0"
source = "registry+https://github.com/rust-lang/crates.io-index"
checksum = "b8ff0851109b64c995dbbe4c4c969764ac340e5a842423c06f8ab1024fe6ac74"
dependencies = [
 "cc",
 "tree-sitter 0.20.10",
]

[[package]]
name = "tree-sitter-cpp"
version = "0.23.4"
source = "registry+https://github.com/rust-lang/crates.io-index"
checksum = "df2196ea9d47b4ab4a31b9297eaa5a5d19a0b121dceb9f118f6790ad0ab94743"
dependencies = [
 "cc",
 "tree-sitter-language",
]

[[package]]
name = "tree-sitter-css"
version = "0.23.2"
source = "registry+https://github.com/rust-lang/crates.io-index"
checksum = "5ad6489794d41350d12a7fbe520e5199f688618f43aace5443980d1ddcf1b29e"
dependencies = [
 "cc",
 "tree-sitter-language",
]

[[package]]
name = "tree-sitter-cuda"
version = "0.21.1"
source = "registry+https://github.com/rust-lang/crates.io-index"
checksum = "715eecfee69b15991de5b9f78009c6d4cb34e18d20d028304a75d38528cddb45"
dependencies = [
 "cc",
 "tree-sitter-language",
]

[[package]]
name = "tree-sitter-diff"
version = "0.1.0"
source = "registry+https://github.com/rust-lang/crates.io-index"
checksum = "dfe1e5ca280a65dfe5ba4205c1bcc84edf486464fed315db53dee6da9a335889"
dependencies = [
 "cc",
 "tree-sitter-language",
]

[[package]]
name = "tree-sitter-dockerfile"
version = "0.2.0"
source = "registry+https://github.com/rust-lang/crates.io-index"
checksum = "ba46310efcac616744ca79aa4b0e228202e388913ebcd4a1ba107072f7f4432a"
dependencies = [
 "cc",
 "tree-sitter 0.20.10",
]

[[package]]
name = "tree-sitter-elixir"
version = "0.3.5"
source = "registry+https://github.com/rust-lang/crates.io-index"
checksum = "66dd064a762ed95bfc29857fa3cb7403bb1e5cb88112de0f6341b7e47284ba40"
dependencies = [
 "cc",
 "tree-sitter-language",
]

[[package]]
name = "tree-sitter-embedded-template"
version = "0.25.0"
source = "registry+https://github.com/rust-lang/crates.io-index"
checksum = "833d528e8fcb4e49ddb04d4d6450ddb8ac08f282a58fec94ce981c9c5dbf7e3a"
dependencies = [
 "cc",
 "tree-sitter-language",
]

[[package]]
name = "tree-sitter-erlang"
version = "0.15.0"
source = "registry+https://github.com/rust-lang/crates.io-index"
checksum = "f2091cce4eda19c03d77928c608ac6617445a6a25691dde1e93ac0102467a6be"
dependencies = [
 "cc",
 "tree-sitter-language",
]

[[package]]
name = "tree-sitter-func"
version = "1.0.0"
source = "registry+https://github.com/rust-lang/crates.io-index"
checksum = "db04893538ffffa8dc821c2541506931c929c0796ccf67511d8e633394ad5167"
dependencies = [
 "cc",
 "tree-sitter 0.20.10",
]

[[package]]
name = "tree-sitter-gitattributes"
version = "0.1.6"
source = "registry+https://github.com/rust-lang/crates.io-index"
checksum = "e867f13ab8d6892cd05fb904b119e79f96f1d323908f34d8ee31e8d844164cd0"
dependencies = [
 "cc",
 "tree-sitter 0.20.10",
]

[[package]]
name = "tree-sitter-glsl"
version = "0.2.0"
source = "registry+https://github.com/rust-lang/crates.io-index"
checksum = "df0ee57cbf4c2b35d3a7f17a01bf33c0ef2e85987cb85e516ac8c6904c4e62ac"
dependencies = [
 "cc",
 "tree-sitter-language",
]

[[package]]
name = "tree-sitter-go"
version = "0.23.4"
source = "registry+https://github.com/rust-lang/crates.io-index"
checksum = "b13d476345220dbe600147dd444165c5791bf85ef53e28acbedd46112ee18431"
dependencies = [
 "cc",
 "tree-sitter-language",
]

[[package]]
name = "tree-sitter-go-sum"
version = "1.0.0"
source = "registry+https://github.com/rust-lang/crates.io-index"
checksum = "435bdb2ad41bab6d79796a4d92e5e62c4197bf84b6b79ba43ffe07527b717c72"
dependencies = [
 "cc",
 "tree-sitter 0.20.10",
]

[[package]]
name = "tree-sitter-hare"
version = "0.20.7"
source = "registry+https://github.com/rust-lang/crates.io-index"
checksum = "6cbd59e015721be7de5449fad7b7d5302f0f8544b1589f818d9a38afd4ff198b"
dependencies = [
 "cc",
 "tree-sitter 0.20.10",
]

[[package]]
name = "tree-sitter-haskell"
version = "0.23.1"
source = "registry+https://github.com/rust-lang/crates.io-index"
checksum = "977c51e504548cba13fc27cb5a2edab2124cf6716a1934915d07ab99523b05a4"
dependencies = [
 "cc",
 "tree-sitter-language",
]

[[package]]
name = "tree-sitter-hcl"
version = "1.1.0"
source = "registry+https://github.com/rust-lang/crates.io-index"
checksum = "5a7b2cc3d7121553b84309fab9d11b3ff3d420403eef9ae50f9fd1cd9d9cf012"
dependencies = [
 "cc",
 "tree-sitter-language",
]

[[package]]
name = "tree-sitter-hlsl"
version = "0.2.0"
source = "registry+https://github.com/rust-lang/crates.io-index"
checksum = "0ef1d03e58f55c1e313ac3418540f941a49a59605bd9447e1441091fafbd5df6"
dependencies = [
 "cc",
 "tree-sitter-language",
]

[[package]]
name = "tree-sitter-html"
version = "0.23.2"
source = "registry+https://github.com/rust-lang/crates.io-index"
checksum = "261b708e5d92061ede329babaaa427b819329a9d427a1d710abb0f67bbef63ee"
dependencies = [
 "cc",
 "tree-sitter-language",
]

[[package]]
name = "tree-sitter-java"
version = "0.23.5"
source = "registry+https://github.com/rust-lang/crates.io-index"
checksum = "0aa6cbcdc8c679b214e616fd3300da67da0e492e066df01bcf5a5921a71e90d6"
dependencies = [
 "cc",
 "tree-sitter-language",
]

[[package]]
name = "tree-sitter-javascript"
version = "0.23.1"
source = "registry+https://github.com/rust-lang/crates.io-index"
checksum = "bf40bf599e0416c16c125c3cec10ee5ddc7d1bb8b0c60fa5c4de249ad34dc1b1"
dependencies = [
 "cc",
 "tree-sitter-language",
]

[[package]]
name = "tree-sitter-jsdoc"
version = "0.25.0"
source = "registry+https://github.com/rust-lang/crates.io-index"
checksum = "7a70da85d41e05dae5d323a4b76fa0955d16fa0394415cea2034de046a21ea6a"
dependencies = [
 "cc",
 "tree-sitter-language",
]

[[package]]
name = "tree-sitter-json"
version = "0.24.8"
source = "registry+https://github.com/rust-lang/crates.io-index"
checksum = "4d727acca406c0020cffc6cf35516764f36c8e3dc4408e5ebe2cb35a947ec471"
dependencies = [
 "cc",
 "tree-sitter-language",
]

[[package]]
name = "tree-sitter-julia"
version = "0.23.1"
source = "registry+https://github.com/rust-lang/crates.io-index"
checksum = "4144731a178812ee867619b1e98b3b91e54c1652304b26e5ebe3175b701de323"
dependencies = [
 "cc",
 "tree-sitter-language",
]

[[package]]
name = "tree-sitter-kconfig"
version = "1.3.0"
source = "registry+https://github.com/rust-lang/crates.io-index"
checksum = "ed450ee48fc3fe7690fd62d43d1cffc60158e3769fe0e2e6552fe0d1635af768"
dependencies = [
 "cc",
 "tree-sitter-language",
]

[[package]]
name = "tree-sitter-kdl"
version = "1.1.0"
source = "registry+https://github.com/rust-lang/crates.io-index"
checksum = "8210c4fd8ed07c38f4dafab4855c3124f087f6392085d09750f8247304c67157"
dependencies = [
 "cc",
 "tree-sitter 0.20.10",
]

[[package]]
name = "tree-sitter-kotlin"
version = "0.3.5"
source = "registry+https://github.com/rust-lang/crates.io-index"
checksum = "8df217a0e1fec649f3e13157de932439f3d37ea4e265038dd0873971ef56e726"
dependencies = [
 "cc",
 "tree-sitter 0.20.10",
]

[[package]]
name = "tree-sitter-language"
version = "0.1.7"
source = "registry+https://github.com/rust-lang/crates.io-index"
checksum = "009994f150cc0cd50ff54917d5bc8bffe8cad10ca10d81c34da2ec421ae61782"

[[package]]
name = "tree-sitter-lua"
version = "0.5.0"
source = "registry+https://github.com/rust-lang/crates.io-index"
checksum = "8daaf5f4235188a58603c39760d5fa5d4b920d36a299c934adddae757f32a10c"
dependencies = [
 "cc",
 "tree-sitter-language",
]

[[package]]
name = "tree-sitter-luadoc"
version = "1.1.0"
source = "registry+https://github.com/rust-lang/crates.io-index"
checksum = "cfbc559ac13940396d63463a6ed25b1ce4ff126c5f8f5d222f136ec68b22fccd"
dependencies = [
 "cc",
 "tree-sitter 0.20.10",
]

[[package]]
name = "tree-sitter-luap"
version = "1.0.0"
source = "registry+https://github.com/rust-lang/crates.io-index"
checksum = "bdb1bf2529a48a280797dc412e44bae74b4c10e2b683ea8337ba76107b42f577"
dependencies = [
 "cc",
 "tree-sitter 0.20.10",
]

[[package]]
name = "tree-sitter-luau"
version = "1.2.0"
source = "registry+https://github.com/rust-lang/crates.io-index"
checksum = "871abeb427d719788bb38094facd7ff082908ef2b93c1d3d6a5f6025330120f4"
dependencies = [
 "cc",
 "tree-sitter-language",
]

[[package]]
name = "tree-sitter-make"
version = "1.1.1"
source = "registry+https://github.com/rust-lang/crates.io-index"
checksum = "c5998dc7cbcbdab19fae8aefef982bf2d6544513d8d2e69cc44aec4c63810104"
dependencies = [
 "cc",
 "tree-sitter-language",
]

[[package]]
name = "tree-sitter-markdown"
version = "0.7.1"
source = "registry+https://github.com/rust-lang/crates.io-index"
checksum = "c7c1cfe0396b0e500cc99067bcd2d48720eb08a077e2690194f0c3a3d105f9a0"
dependencies = [
 "cc",
 "tree-sitter 0.19.5",
]

[[package]]
name = "tree-sitter-objc"
version = "3.0.2"
source = "registry+https://github.com/rust-lang/crates.io-index"
checksum = "9ca8bb556423fc176f0535e79d525f783a6684d3c9da81bf9d905303c129e1d2"
dependencies = [
 "cc",
 "tree-sitter-language",
]

[[package]]
name = "tree-sitter-ocaml"
version = "0.24.2"
source = "registry+https://github.com/rust-lang/crates.io-index"
checksum = "7d19db582b3855f56b5f9ec484170fbfb9ee60b938ec7720d76d2ee788e8b640"
dependencies = [
 "cc",
 "tree-sitter-language",
]

[[package]]
name = "tree-sitter-odin"
version = "1.3.0"
source = "registry+https://github.com/rust-lang/crates.io-index"
checksum = "24db210fe9ba2237c71c5030d7b146c7025420ba72dd8013d13cd822c3a8d77a"
dependencies = [
 "cc",
 "tree-sitter-language",
]

[[package]]
name = "tree-sitter-php"
version = "0.24.2"
source = "registry+https://github.com/rust-lang/crates.io-index"
checksum = "0d8c17c3ab69052c5eeaa7ff5cd972dd1bc25d1b97ee779fec391ad3b5df5592"
dependencies = [
 "cc",
 "tree-sitter-language",
]

[[package]]
name = "tree-sitter-po"
version = "0.0.1"
source = "registry+https://github.com/rust-lang/crates.io-index"
checksum = "f7862b3642ee67c22cb9f394c0e9da39df66e47b8ecbf175b9b3839c11a74977"
dependencies = [
 "cc",
 "tree-sitter 0.20.10",
]

[[package]]
name = "tree-sitter-pony"
version = "1.0.0"
source = "registry+https://github.com/rust-lang/crates.io-index"
checksum = "7d8de8c65e56ec2e729fdbc2feb00c299df1f949c4b9da791bc77af2aa617937"
dependencies = [
 "cc",
 "tree-sitter 0.20.10",
]

[[package]]
name = "tree-sitter-printf"
version = "0.5.1"
source = "registry+https://github.com/rust-lang/crates.io-index"
checksum = "dffcc6f600c438d5df02ebc29d3a197023dd46554940b6ff155448bd3d140a3e"
dependencies = [
 "cc",
 "tree-sitter-language",
]

[[package]]
name = "tree-sitter-properties"
version = "0.3.0"
source = "registry+https://github.com/rust-lang/crates.io-index"
checksum = "0a6c2f38dea68abd782573bb6ec3dbd14175cce2953f693055743925d785ceeb"
dependencies = [
 "cc",
 "tree-sitter-language",
]

[[package]]
name = "tree-sitter-puppet"
version = "1.3.0"
source = "registry+https://github.com/rust-lang/crates.io-index"
checksum = "f258d076394303cf7b3ddba2204ab9b0c06ff091bb5b58b1d5b68b64eeb5f126"
dependencies = [
 "cc",
 "tree-sitter-language",
]

[[package]]
name = "tree-sitter-python"
version = "0.23.6"
source = "registry+https://github.com/rust-lang/crates.io-index"
checksum = "3d065aaa27f3aaceaf60c1f0e0ac09e1cb9eb8ed28e7bcdaa52129cffc7f4b04"
dependencies = [
 "cc",
 "tree-sitter-language",
]

[[package]]
name = "tree-sitter-ql"
version = "0.23.1"
source = "registry+https://github.com/rust-lang/crates.io-index"
checksum = "80b7bcaf39acefbb199417a6ec2fd0c038083ba115da3e4f4426c820dc76d386"
dependencies = [
 "cc",
 "tree-sitter-language",
]

[[package]]
name = "tree-sitter-qmldir"
version = "0.0.1"
source = "registry+https://github.com/rust-lang/crates.io-index"
checksum = "2d640c14d397ad9b0c89f34701433b47a37dbb39a23c3c538e6d6688c55baedc"
dependencies = [
 "cc",
 "tree-sitter 0.20.10",
]

[[package]]
name = "tree-sitter-query"
version = "0.1.0"
source = "registry+https://github.com/rust-lang/crates.io-index"
checksum = "9d4374ba146382b2c9a50290e79283b5035544912c0e1387e3ff08e6137f4cb4"
dependencies = [
 "cc",
 "tree-sitter 0.20.10",
]

[[package]]
name = "tree-sitter-r"
version = "1.2.0"
source = "registry+https://github.com/rust-lang/crates.io-index"
checksum = "429133cbda9f8a46e03ef3aae6abb6c3d22875f8585cad472138101bfd517255"
dependencies = [
 "cc",
 "tree-sitter-language",
]

[[package]]
name = "tree-sitter-regex"
version = "0.25.0"
source = "registry+https://github.com/rust-lang/crates.io-index"
checksum = "bd8a59be9f0ac131fd8f062eaaba14882b2fa5a6a7882a20134cb1d60df2e625"
dependencies = [
 "cc",
 "tree-sitter-language",
]

[[package]]
name = "tree-sitter-requirements"
version = "0.6.1"
source = "registry+https://github.com/rust-lang/crates.io-index"
checksum = "ed29064ba695cb72a992d9f3fd9678a1000fd619954f0bc62afd937c61d9bbba"
dependencies = [
 "cc",
 "tree-sitter-language",
]

[[package]]
name = "tree-sitter-ron"
version = "0.2.0"
source = "registry+https://github.com/rust-lang/crates.io-index"
checksum = "9e64cea9ba19b3292f2bf4de5629932a512d8fa083a1b8da3b264c8c9540b2d7"
dependencies = [
 "cc",
 "tree-sitter 0.20.10",
]

[[package]]
name = "tree-sitter-ruby"
version = "0.23.1"
source = "registry+https://github.com/rust-lang/crates.io-index"
checksum = "be0484ea4ef6bb9c575b4fdabde7e31340a8d2dbc7d52b321ac83da703249f95"
dependencies = [
 "cc",
 "tree-sitter-language",
]

[[package]]
name = "tree-sitter-rust"
version = "0.24.2"
source = "registry+https://github.com/rust-lang/crates.io-index"
checksum = "439e577dbe07423ec2582ac62c7531120dbfccfa6e5f92406f93dd271a120e45"
dependencies = [
 "cc",
 "tree-sitter-language",
]

[[package]]
name = "tree-sitter-scala"
version = "0.25.0"
source = "registry+https://github.com/rust-lang/crates.io-index"
checksum = "83079f50ea7d03e0faf6be6260ed97538e6df7349ec3cbcbf5771f7b38e3c8b7"
dependencies = [
 "cc",
 "tree-sitter-language",
]

[[package]]
name = "tree-sitter-scss"
version = "1.0.0"
source = "registry+https://github.com/rust-lang/crates.io-index"
checksum = "33909a9ca86390ebbf3461e9949c4bbe2767d2d024b486306d27616641d4ba24"
dependencies = [
 "cc",
 "tree-sitter 0.26.8",
]

[[package]]
name = "tree-sitter-sql"
version = "0.0.2"
source = "registry+https://github.com/rust-lang/crates.io-index"
checksum = "04e4fb372576528153a04f47ff3ca2d2b535b756ec1890c42ddd5713a66cc82e"
dependencies = [
 "cc",
 "tree-sitter 0.19.5",
]

[[package]]
name = "tree-sitter-squirrel"
version = "1.0.0"
source = "registry+https://github.com/rust-lang/crates.io-index"
checksum = "8af36b5bea3c83daf9ec8821fc6dd366fa0d06b7d9e223b79b2051c4bacdd5a5"
dependencies = [
 "cc",
 "tree-sitter 0.20.10",
]

[[package]]
name = "tree-sitter-starlark"
version = "1.3.0"
source = "registry+https://github.com/rust-lang/crates.io-index"
checksum = "8934f282d085cc4b9ee28aa688aa3fbe8aa3766201c2a6252f411d45b4c3a721"
dependencies = [
 "cc",
 "tree-sitter-language",
]

[[package]]
name = "tree-sitter-svelte"
version = "0.10.2"
source = "registry+https://github.com/rust-lang/crates.io-index"
checksum = "800f8ed6f5bdfee1f5444b653aefb6749bebed0ce58ac261dde64275c303e782"
dependencies = [
 "cc",
 "tree-sitter 0.20.10",
]

[[package]]
name = "tree-sitter-swift"
version = "0.7.1"
source = "registry+https://github.com/rust-lang/crates.io-index"
checksum = "4ef216011c3e3df4fa864736f347cb8d509b1066cf0c8549fb1fd81ac9832e59"
dependencies = [
 "cc",
 "tree-sitter-language",
]

[[package]]
name = "tree-sitter-test"
version = "0.3.0"
source = "registry+https://github.com/rust-lang/crates.io-index"
checksum = "9d0d0c1a7826392457b729a55e09e8a6af86a0c3c621fffeb3988670c9197f08"
dependencies = [
 "cc",
 "tree-sitter-language",
]

[[package]]
name = "tree-sitter-toml"
version = "0.20.0"
source = "registry+https://github.com/rust-lang/crates.io-index"
checksum = "ca517f578a98b23d20780247cc2688407fa81effad5b627a5a364ec3339b53e8"
dependencies = [
 "cc",
 "tree-sitter 0.20.10",
]

[[package]]
name = "tree-sitter-typescript"
version = "0.23.2"
source = "registry+https://github.com/rust-lang/crates.io-index"
checksum = "6c5f76ed8d947a75cc446d5fccd8b602ebf0cde64ccf2ffa434d873d7a575eff"
dependencies = [
 "cc",
 "tree-sitter-language",
]

[[package]]
name = "tree-sitter-ungrammar"
version = "0.0.1"
source = "registry+https://github.com/rust-lang/crates.io-index"
checksum = "4d505050b2ef1214b08f6f0d1d7cc00247a9e837e37f2beedf512e8f555f421b"
dependencies = [
 "cc",
 "tree-sitter 0.20.10",
]

[[package]]
name = "tree-sitter-verilog"
version = "1.0.3"
source = "registry+https://github.com/rust-lang/crates.io-index"
checksum = "d4e7e0360395852f1f6ff5b7b82c72dc6557d181073188df1d60ec469ea69c66"
dependencies = [
 "cc",
 "tree-sitter-language",
]

[[package]]
name = "tree-sitter-vim"
version = "0.4.0"
source = "registry+https://github.com/rust-lang/crates.io-index"
checksum = "45b6a26a808d8209e0b9514f5ffe0ea01d9fc8dcb33c01ff71f5979164811d6e"
dependencies = [
 "cc",
 "tree-sitter 0.26.8",
]

[[package]]
name = "tree-sitter-vue"
version = "0.0.3"
source = "registry+https://github.com/rust-lang/crates.io-index"
checksum = "1fc58c2aaf6d4a5da799f45751719a6ff4b7d38a97479c6b547b442a8cbf8730"
dependencies = [
 "cc",
 "tree-sitter 0.20.10",
]

[[package]]
name = "tree-sitter-wgsl-bevy"
version = "0.1.4"
source = "registry+https://github.com/rust-lang/crates.io-index"
checksum = "c96503dc3a7f1d17d954d2569c65143a9af03d40c6ad83f7ba5241a3965c60d0"
dependencies = [
 "cc",
 "tree-sitter-language",
]

[[package]]
name = "tree-sitter-xml"
version = "0.7.0"
source = "registry+https://github.com/rust-lang/crates.io-index"
checksum = "e670041f591d994f54d597ddcd8f4ebc930e282c4c76a42268743b71f0c8b6b3"
dependencies = [
 "cc",
 "tree-sitter-language",
]

[[package]]
name = "tree-sitter-yaml"
version = "0.7.2"
source = "registry+https://github.com/rust-lang/crates.io-index"
checksum = "53c223db85f05e34794f065454843b0668ebc15d240ada63e2b5939f43ce7c97"
dependencies = [
 "cc",
 "tree-sitter-language",
]

[[package]]
name = "tree-sitter-yuck"
version = "0.0.2"
source = "registry+https://github.com/rust-lang/crates.io-index"
checksum = "5f1c0bb4c064ddc192f6523f8e4417bb116b1a9a7e3d4754a02a29ea0f51cc67"
dependencies = [
 "cc",
 "tree-sitter 0.20.10",
]

[[package]]
name = "tree-sitter-zig"
version = "1.1.2"
source = "registry+https://github.com/rust-lang/crates.io-index"
checksum = "ab11fc124851b0db4dd5e55983bbd9631192e93238389dcd44521715e5d53e28"
dependencies = [
 "cc",
 "tree-sitter-language",
]

[[package]]
name = "unicode-ident"
version = "1.0.24"
source = "registry+https://github.com/rust-lang/crates.io-index"
checksum = "e6e4313cd5fcd3dad5cafa179702e2b244f760991f45397d14d4ebf38247da75"

[[package]]
name = "zmij"
version = "1.0.21"
source = "registry+https://github.com/rust-lang/crates.io-index"
checksum = "b8848ee67ecc8aedbaf3e4122217aff892639231befc6a1b58d29fff4c2cabaa"
